
Microsoft Visual Studio Solution File, Format Version 12.00
# Visual Studio Version 17
VisualStudioVersion = 17.5.002.0
MinimumVisualStudioVersion = 10.0.40219.1
Project("{9A19103F-16F7-4668-BE54-9A1E7A4F7556}") = "BasicAPI", "BasicAPI.csproj", "{E7A03616-6C73-4EF7-AD6B-E88201E130F9}"
EndProject
Global
	GlobalSection(SolutionConfigurationPlatforms) = preSolution
		Debug|Any CPU = Debug|Any CPU
		Release|Any CPU = Release|Any CPU
	EndGlobalSection
	GlobalSection(ProjectConfigurationPlatforms) = postSolution
		{E7A03616-6C73-4EF7-AD6B-E88201E130F9}.Debug|Any CPU.ActiveCfg = Debug|Any CPU
		{E7A03616-6C73-4EF7-AD6B-E88201E130F9}.Debug|Any CPU.Build.0 = Debug|Any CPU
		{E7A03616-6C73-4EF7-AD6B-E88201E130F9}.Release|Any CPU.ActiveCfg = Release|Any CPU
		{E7A03616-6C73-4EF7-AD6B-E88201E130F9}.Release|Any CPU.Build.0 = Release|Any CPU
	EndGlobalSection
	GlobalSection(SolutionProperties) = preSolution
		HideSolutionNode = FALSE
	EndGlobalSection
	GlobalSection(ExtensibilityGlobals) = postSolution
		SolutionGuid = {FB8D1273-82D5-4CC2-8BB3-102D32FAE3C1}
	EndGlobalSection
EndGlobal
